
Microsoft Visual Studio Solution File, Format Version 12.00
# Visual Studio Version 16
VisualStudioVersion = 16.0.29102.190
MinimumVisualStudioVersion = 10.0.40219.1
Project("{FAE04EC0-301F-11D3-BF4B-00C04F79EFBC}") = "TenancyManagement", "TenancyManagement.csproj", "{C8FEF333-2291-4966-9354-BB13C072DE21}"
EndProject
Global
	GlobalSection(SolutionConfigurationPlatforms) = preSolution
		Debug|Any CPU = Debug|Any CPU
		Release|Any CPU = Release|Any CPU
	EndGlobalSection
	GlobalSection(ProjectConfigurationPlatforms) = postSolution
		{C8FEF333-2291-4966-9354-BB13C072DE21}.Debug|Any CPU.ActiveCfg = Debug|Any CPU
		{C8FEF333-2291-4966-9354-BB13C072DE21}.Debug|Any CPU.Build.0 = Debug|Any CPU
		{C8FEF333-2291-4966-9354-BB13C072DE21}.Release|Any CPU.ActiveCfg = Release|Any CPU
		{C8FEF333-2291-4966-9354-BB13C072DE21}.Release|Any CPU.Build.0 = Release|Any CPU
	EndGlobalSection
	GlobalSection(SolutionProperties) = preSolution
		HideSolutionNode = FALSE
	EndGlobalSection
	GlobalSection(ExtensibilityGlobals) = postSolution
		SolutionGuid = {D4331BA6-619F-401E-9438-245A5C5BE895}
	EndGlobalSection
EndGlobal
